
Microsoft Visual Studio Solution File, Format Version 12.00
# Visual Studio Version 17
VisualStudioVersion = 17.8.34322.80
MinimumVisualStudioVersion = 10.0.40219.1
Project("{FAE04EC0-301F-11D3-BF4B-00C04F79EFBC}") = "Agenda_Projeto_Leticia", "Agenda_Projeto_Leticia\Agenda_Projeto_Leticia.csproj", "{AE66045D-5F4E-4984-8D20-BF33D70C6D9A}"
EndProject
Global
	GlobalSection(SolutionConfigurationPlatforms) = preSolution
		Debug|Any CPU = Debug|Any CPU
		Release|Any CPU = Release|Any CPU
	EndGlobalSection
	GlobalSection(ProjectConfigurationPlatforms) = postSolution
		{AE66045D-5F4E-4984-8D20-BF33D70C6D9A}.Debug|Any CPU.ActiveCfg = Debug|Any CPU
		{AE66045D-5F4E-4984-8D20-BF33D70C6D9A}.Debug|Any CPU.Build.0 = Debug|Any CPU
		{AE66045D-5F4E-4984-8D20-BF33D70C6D9A}.Release|Any CPU.ActiveCfg = Release|Any CPU
		{AE66045D-5F4E-4984-8D20-BF33D70C6D9A}.Release|Any CPU.Build.0 = Release|Any CPU
	EndGlobalSection
	GlobalSection(SolutionProperties) = preSolution
		HideSolutionNode = FALSE
	EndGlobalSection
	GlobalSection(ExtensibilityGlobals) = postSolution
		SolutionGuid = {64438BB8-F8B4-480B-8215-304888862492}
	EndGlobalSection
EndGlobal
